
Microsoft Visual Studio Solution File, Format Version 12.00
# Visual Studio Version 16
VisualStudioVersion = 16.0.29926.136
MinimumVisualStudioVersion = 10.0.40219.1
Project("{FAE04EC0-301F-11D3-BF4B-00C04F79EFBC}") = "MouseGrabber", "MouseGrabber\MouseGrabber.csproj", "{AEAC590B-7015-4141-B2CE-CA35CB72A9F8}"
EndProject
Global
	GlobalSection(SolutionConfigurationPlatforms) = preSolution
		Debug|Any CPU = Debug|Any CPU
		Release|Any CPU = Release|Any CPU
	EndGlobalSection
	GlobalSection(ProjectConfigurationPlatforms) = postSolution
		{AEAC590B-7015-4141-B2CE-CA35CB72A9F8}.Debug|Any CPU.ActiveCfg = Debug|Any CPU
		{AEAC590B-7015-4141-B2CE-CA35CB72A9F8}.Debug|Any CPU.Build.0 = Debug|Any CPU
		{AEAC590B-7015-4141-B2CE-CA35CB72A9F8}.Release|Any CPU.ActiveCfg = Release|Any CPU
		{AEAC590B-7015-4141-B2CE-CA35CB72A9F8}.Release|Any CPU.Build.0 = Release|Any CPU
	EndGlobalSection
	GlobalSection(SolutionProperties) = preSolution
		HideSolutionNode = FALSE
	EndGlobalSection
	GlobalSection(ExtensibilityGlobals) = postSolution
		SolutionGuid = {CC406BB9-0654-49EC-AFB3-762424C583F8}
	EndGlobalSection
EndGlobal
